
Microsoft Visual Studio Solution File, Format Version 12.00
# Visual Studio Version 17
VisualStudioVersion = 17.6.33815.320
MinimumVisualStudioVersion = 10.0.40219.1
Project("{FAE04EC0-301F-11D3-BF4B-00C04F79EFBC}") = "BankApp", "BankApp\BankApp.csproj", "{5BB7A4B5-15D1-4018-A98B-1B2139BFF2B8}"
EndProject
Global
	GlobalSection(SolutionConfigurationPlatforms) = preSolution
		Debug|Any CPU = Debug|Any CPU
		Release|Any CPU = Release|Any CPU
	EndGlobalSection
	GlobalSection(ProjectConfigurationPlatforms) = postSolution
		{5BB7A4B5-15D1-4018-A98B-1B2139BFF2B8}.Debug|Any CPU.ActiveCfg = Debug|Any CPU
		{5BB7A4B5-15D1-4018-A98B-1B2139BFF2B8}.Debug|Any CPU.Build.0 = Debug|Any CPU
		{5BB7A4B5-15D1-4018-A98B-1B2139BFF2B8}.Release|Any CPU.ActiveCfg = Release|Any CPU
		{5BB7A4B5-15D1-4018-A98B-1B2139BFF2B8}.Release|Any CPU.Build.0 = Release|Any CPU
	EndGlobalSection
	GlobalSection(SolutionProperties) = preSolution
		HideSolutionNode = FALSE
	EndGlobalSection
	GlobalSection(ExtensibilityGlobals) = postSolution
		SolutionGuid = {64764209-33E9-445B-B029-4FEE95BD203D}
	EndGlobalSection
EndGlobal
